
Microsoft Visual Studio Solution File, Format Version 12.00
# Visual Studio Version 17
VisualStudioVersion = 17.11.35312.102
MinimumVisualStudioVersion = 10.0.40219.1
Project("{8BC9CEB8-8B4A-11D0-8D11-00A0C91BC942}") = "zad1", "zad1\zad1.vcxproj", "{D02F2CFD-F3E9-4A89-8FF6-0BDE670E6771}"
EndProject
Project("{8BC9CEB8-8B4A-11D0-8D11-00A0C91BC942}") = "zad2", "zad2\zad2.vcxproj", "{4484C2D6-4146-4CDB-AAB2-2135CE0F9937}"
EndProject
Project("{8BC9CEB8-8B4A-11D0-8D11-00A0C91BC942}") = "zad3", "zad3\zad3.vcxproj", "{1F0A34E0-4336-4350-B37A-3B1FE3CCF4AC}"
EndProject
Project("{8BC9CEB8-8B4A-11D0-8D11-00A0C91BC942}") = "zad4", "zad4\zad4.vcxproj", "{4406B42E-C13C-44A5-A7DB-4276E0EFC272}"
EndProject
Project("{8BC9CEB8-8B4A-11D0-8D11-00A0C91BC942}") = "zad5", "zad5\zad5.vcxproj", "{37BEED4A-CD4F-4D0C-9F5A-DA7B50D2A034}"
EndProject
Project("{8BC9CEB8-8B4A-11D0-8D11-00A0C91BC942}") = "zad6", "zad6\zad6.vcxproj", "{42745A28-F0F0-4F70-B99C-FF18CC374005}"
EndProject
Project("{8BC9CEB8-8B4A-11D0-8D11-00A0C91BC942}") = "zad7", "zad7\zad7.vcxproj", "{022FE257-52E4-4ADB-9B6F-EEEDD1C0EB87}"
EndProject
Project("{8BC9CEB8-8B4A-11D0-8D11-00A0C91BC942}") = "zad8", "zad8\zad8.vcxproj", "{B758D3A5-F8DB-4781-88CD-40C945E558D3}"
EndProject
Project("{8BC9CEB8-8B4A-11D0-8D11-00A0C91BC942}") = "zad9", "zad9\zad9.vcxproj", "{8111D6D8-E440-44B4-B515-DA570AB65E83}"
EndProject
Project("{8BC9CEB8-8B4A-11D0-8D11-00A0C91BC942}") = "zad10", "zad10\zad10.vcxproj", "{4D171087-20E2-445A-9C74-301010D2FF53}"
EndProject
Project("{8BC9CEB8-8B4A-11D0-8D11-00A0C91BC942}") = "zad11", "zad11\zad11.vcxproj", "{5E887140-FBD6-40E3-AFE5-F0EFFB3BAAD8}"
EndProject
Project("{8BC9CEB8-8B4A-11D0-8D11-00A0C91BC942}") = "zad12", "zad12\zad12.vcxproj", "{33408B17-9685-465B-A7CB-691A94AB01BF}"
EndProject
Global
	GlobalSection(SolutionConfigurationPlatforms) = preSolution
		Debug|x64 = Debug|x64
		Debug|x86 = Debug|x86
		Release|x64 = Release|x64
		Release|x86 = Release|x86
	EndGlobalSection
	GlobalSection(ProjectConfigurationPlatforms) = postSolution
		{D02F2CFD-F3E9-4A89-8FF6-0BDE670E6771}.Debug|x64.ActiveCfg = Debug|x64
		{D02F2CFD-F3E9-4A89-8FF6-0BDE670E6771}.Debug|x64.Build.0 = Debug|x64
		{D02F2CFD-F3E9-4A89-8FF6-0BDE670E6771}.Debug|x86.ActiveCfg = Debug|Win32
		{D02F2CFD-F3E9-4A89-8FF6-0BDE670E6771}.Debug|x86.Build.0 = Debug|Win32
		{D02F2CFD-F3E9-4A89-8FF6-0BDE670E6771}.Release|x64.ActiveCfg = Release|x64
		{D02F2CFD-F3E9-4A89-8FF6-0BDE670E6771}.Release|x64.Build.0 = Release|x64
		{D02F2CFD-F3E9-4A89-8FF6-0BDE670E6771}.Release|x86.ActiveCfg = Release|Win32
		{D02F2CFD-F3E9-4A89-8FF6-0BDE670E6771}.Release|x86.Build.0 = Release|Win32
		{4484C2D6-4146-4CDB-AAB2-2135CE0F9937}.Debug|x64.ActiveCfg = Debug|x64
		{4484C2D6-4146-4CDB-AAB2-2135CE0F9937}.Debug|x64.Build.0 = Debug|x64
		{4484C2D6-4146-4CDB-AAB2-2135CE0F9937}.Debug|x86.ActiveCfg = Debug|Win32
		{4484C2D6-4146-4CDB-AAB2-2135CE0F9937}.Debug|x86.Build.0 = Debug|Win32
		{4484C2D6-4146-4CDB-AAB2-2135CE0F9937}.Release|x64.ActiveCfg = Release|x64
		{4484C2D6-4146-4CDB-AAB2-2135CE0F9937}.Release|x64.Build.0 = Release|x64
		{4484C2D6-4146-4CDB-AAB2-2135CE0F9937}.Release|x86.ActiveCfg = Release|Win32
		{4484C2D6-4146-4CDB-AAB2-2135CE0F9937}.Release|x86.Build.0 = Release|Win32
		{1F0A34E0-4336-4350-B37A-3B1FE3CCF4AC}.Debug|x64.ActiveCfg = Debug|x64
		{1F0A34E0-4336-4350-B37A-3B1FE3CCF4AC}.Debug|x64.Build.0 = Debug|x64
		{1F0A34E0-4336-4350-B37A-3B1FE3CCF4AC}.Debug|x86.ActiveCfg = Debug|Win32
		{1F0A34E0-4336-4350-B37A-3B1FE3CCF4AC}.Debug|x86.Build.0 = Debug|Win32
		{1F0A34E0-4336-4350-B37A-3B1FE3CCF4AC}.Release|x64.ActiveCfg = Release|x64
		{1F0A34E0-4336-4350-B37A-3B1FE3CCF4AC}.Release|x64.Build.0 = Release|x64
		{1F0A34E0-4336-4350-B37A-3B1FE3CCF4AC}.Release|x86.ActiveCfg = Release|Win32
		{1F0A34E0-4336-4350-B37A-3B1FE3CCF4AC}.Release|x86.Build.0 = Release|Win32
		{4406B42E-C13C-44A5-A7DB-4276E0EFC272}.Debug|x64.ActiveCfg = Debug|x64
		{4406B42E-C13C-44A5-A7DB-4276E0EFC272}.Debug|x64.Build.0 = Debug|x64
		{4406B42E-C13C-44A5-A7DB-4276E0EFC272}.Debug|x86.ActiveCfg = Debug|Win32
		{4406B42E-C13C-44A5-A7DB-4276E0EFC272}.Debug|x86.Build.0 = Debug|Win32
		{4406B42E-C13C-44A5-A7DB-4276E0EFC272}.Release|x64.ActiveCfg = Release|x64
		{4406B42E-C13C-44A5-A7DB-4276E0EFC272}.Release|x64.Build.0 = Release|x64
		{4406B42E-C13C-44A5-A7DB-4276E0EFC272}.Release|x86.ActiveCfg = Release|Win32
		{4406B42E-C13C-44A5-A7DB-4276E0EFC272}.Release|x86.Build.0 = Release|Win32
		{37BEED4A-CD4F-4D0C-9F5A-DA7B50D2A034}.Debug|x64.ActiveCfg = Debug|x64
		{37BEED4A-CD4F-4D0C-9F5A-DA7B50D2A034}.Debug|x64.Build.0 = Debug|x64
		{37BEED4A-CD4F-4D0C-9F5A-DA7B50D2A034}.Debug|x86.ActiveCfg = Debug|Win32
		{37BEED4A-CD4F-4D0C-9F5A-DA7B50D2A034}.Debug|x86.Build.0 = Debug|Win32
		{37BEED4A-CD4F-4D0C-9F5A-DA7B50D2A034}.Release|x64.ActiveCfg = Release|x64
		{37BEED4A-CD4F-4D0C-9F5A-DA7B50D2A034}.Release|x64.Build.0 = Release|x64
		{37BEED4A-CD4F-4D0C-9F5A-DA7B50D2A034}.Release|x86.ActiveCfg = Release|Win32
		{37BEED4A-CD4F-4D0C-9F5A-DA7B50D2A034}.Release|x86.Build.0 = Release|Win32
		{42745A28-F0F0-4F70-B99C-FF18CC374005}.Debug|x64.ActiveCfg = Debug|x64
		{42745A28-F0F0-4F70-B99C-FF18CC374005}.Debug|x64.Build.0 = Debug|x64
		{42745A28-F0F0-4F70-B99C-FF18CC374005}.Debug|x86.ActiveCfg = Debug|Win32
		{42745A28-F0F0-4F70-B99C-FF18CC374005}.Debug|x86.Build.0 = Debug|Win32
		{42745A28-F0F0-4F70-B99C-FF18CC374005}.Release|x64.ActiveCfg = Release|x64
		{42745A28-F0F0-4F70-B99C-FF18CC374005}.Release|x64.Build.0 = Release|x64
		{42745A28-F0F0-4F70-B99C-FF18CC374005}.Release|x86.ActiveCfg = Release|Win32
		{42745A28-F0F0-4F70-B99C-FF18CC374005}.Release|x86.Build.0 = Release|Win32
		{022FE257-52E4-4ADB-9B6F-EEEDD1C0EB87}.Debug|x64.ActiveCfg = Debug|x64
		{022FE257-52E4-4ADB-9B6F-EEEDD1C0EB87}.Debug|x64.Build.0 = Debug|x64
		{022FE257-52E4-4ADB-9B6F-EEEDD1C0EB87}.Debug|x86.ActiveCfg = Debug|Win32
		{022FE257-52E4-4ADB-9B6F-EEEDD1C0EB87}.Debug|x86.Build.0 = Debug|Win32
		{022FE257-52E4-4ADB-9B6F-EEEDD1C0EB87}.Release|x64.ActiveCfg = Release|x64
		{022FE257-52E4-4ADB-9B6F-EEEDD1C0EB87}.Release|x64.Build.0 = Release|x64
		{022FE257-52E4-4ADB-9B6F-EEEDD1C0EB87}.Release|x86.ActiveCfg = Release|Win32
		{022FE257-52E4-4ADB-9B6F-EEEDD1C0EB87}.Release|x86.Build.0 = Release|Win32
		{B758D3A5-F8DB-4781-88CD-40C945E558D3}.Debug|x64.ActiveCfg = Debug|x64
		{B758D3A5-F8DB-4781-88CD-40C945E558D3}.Debug|x64.Build.0 = Debug|x64
		{B758D3A5-F8DB-4781-88CD-40C945E558D3}.Debug|x86.ActiveCfg = Debug|Win32
		{B758D3A5-F8DB-4781-88CD-40C945E558D3}.Debug|x86.Build.0 = Debug|Win32
		{B758D3A5-F8DB-4781-88CD-40C945E558D3}.Release|x64.ActiveCfg = Release|x64
		{B758D3A5-F8DB-4781-88CD-40C945E558D3}.Release|x64.Build.0 = Release|x64
		{B758D3A5-F8DB-4781-88CD-40C945E558D3}.Release|x86.ActiveCfg = Release|Win32
		{B758D3A5-F8DB-4781-88CD-40C945E558D3}.Release|x86.Build.0 = Release|Win32
		{8111D6D8-E440-44B4-B515-DA570AB65E83}.Debug|x64.ActiveCfg = Debug|x64
		{8111D6D8-E440-44B4-B515-DA570AB65E83}.Debug|x64.Build.0 = Debug|x64
		{8111D6D8-E440-44B4-B515-DA570AB65E83}.Debug|x86.ActiveCfg = Debug|Win32
		{8111D6D8-E440-44B4-B515-DA570AB65E83}.Debug|x86.Build.0 = Debug|Win32
		{8111D6D8-E440-44B4-B515-DA570AB65E83}.Release|x64.ActiveCfg = Release|x64
		{8111D6D8-E440-44B4-B515-DA570AB65E83}.Release|x64.Build.0 = Release|x64
		{8111D6D8-E440-44B4-B515-DA570AB65E83}.Release|x86.ActiveCfg = Release|Win32
		{8111D6D8-E440-44B4-B515-DA570AB65E83}.Release|x86.Build.0 = Release|Win32
		{4D171087-20E2-445A-9C74-301010D2FF53}.Debug|x64.ActiveCfg = Debug|x64
		{4D171087-20E2-445A-9C74-301010D2FF53}.Debug|x64.Build.0 = Debug|x64
		{4D171087-20E2-445A-9C74-301010D2FF53}.Debug|x86.ActiveCfg = Debug|Win32
		{4D171087-20E2-445A-9C74-301010D2FF53}.Debug|x86.Build.0 = Debug|Win32
		{4D171087-20E2-445A-9C74-301010D2FF53}.Release|x64.ActiveCfg = Release|x64
		{4D171087-20E2-445A-9C74-301010D2FF53}.Release|x64.Build.0 = Release|x64
		{4D171087-20E2-445A-9C74-301010D2FF53}.Release|x86.ActiveCfg = Release|Win32
		{4D171087-20E2-445A-9C74-301010D2FF53}.Release|x86.Build.0 = Release|Win32
		{5E887140-FBD6-40E3-AFE5-F0EFFB3BAAD8}.Debug|x64.ActiveCfg = Debug|x64
		{5E887140-FBD6-40E3-AFE5-F0EFFB3BAAD8}.Debug|x64.Build.0 = Debug|x64
		{5E887140-FBD6-40E3-AFE5-F0EFFB3BAAD8}.Debug|x86.ActiveCfg = Debug|Win32
		{5E887140-FBD6-40E3-AFE5-F0EFFB3BAAD8}.Debug|x86.Build.0 = Debug|Win32
		{5E887140-FBD6-40E3-AFE5-F0EFFB3BAAD8}.Release|x64.ActiveCfg = Release|x64
		{5E887140-FBD6-40E3-AFE5-F0EFFB3BAAD8}.Release|x64.Build.0 = Release|x64
		{5E887140-FBD6-40E3-AFE5-F0EFFB3BAAD8}.Release|x86.ActiveCfg = Release|Win32
		{5E887140-FBD6-40E3-AFE5-F0EFFB3BAAD8}.Release|x86.Build.0 = Release|Win32
		{33408B17-9685-465B-A7CB-691A94AB01BF}.Debug|x64.ActiveCfg = Debug|x64
		{33408B17-9685-465B-A7CB-691A94AB01BF}.Debug|x64.Build.0 = Debug|x64
		{33408B17-9685-465B-A7CB-691A94AB01BF}.Debug|x86.ActiveCfg = Debug|Win32
		{33408B17-9685-465B-A7CB-691A94AB01BF}.Debug|x86.Build.0 = Debug|Win32
		{33408B17-9685-465B-A7CB-691A94AB01BF}.Release|x64.ActiveCfg = Release|x64
		{33408B17-9685-465B-A7CB-691A94AB01BF}.Release|x64.Build.0 = Release|x64
		{33408B17-9685-465B-A7CB-691A94AB01BF}.Release|x86.ActiveCfg = Release|Win32
		{33408B17-9685-465B-A7CB-691A94AB01BF}.Release|x86.Build.0 = Release|Win32
	EndGlobalSection
	GlobalSection(SolutionProperties) = preSolution
		HideSolutionNode = FALSE
	EndGlobalSection
	GlobalSection(ExtensibilityGlobals) = postSolution
		SolutionGuid = {BB4189FE-3530-4F7E-9612-24387FEBF477}
	EndGlobalSection
EndGlobal
