
Microsoft Visual Studio Solution File, Format Version 12.00
# Visual Studio Version 17
VisualStudioVersion = 17.11.35312.102
MinimumVisualStudioVersion = 10.0.40219.1
Project("{8BC9CEB8-8B4A-11D0-8D11-00A0C91BC942}") = "zad1", "zad1\zad1.vcxproj", "{ED99FC7B-081E-42F6-A0F4-43A2CCC0FF84}"
EndProject
Project("{8BC9CEB8-8B4A-11D0-8D11-00A0C91BC942}") = "zad2", "zad2\zad2.vcxproj", "{D1CD08AB-022D-4BBE-8AD6-65D35F3EFC69}"
EndProject
Project("{8BC9CEB8-8B4A-11D0-8D11-00A0C91BC942}") = "zad3", "zad3\zad3.vcxproj", "{C71F2566-40DA-4DFA-B83E-701B184AB71D}"
EndProject
Project("{8BC9CEB8-8B4A-11D0-8D11-00A0C91BC942}") = "zad4", "zad4\zad4.vcxproj", "{A03EE1B4-BFEF-46CC-A112-6BED21733999}"
EndProject
Project("{8BC9CEB8-8B4A-11D0-8D11-00A0C91BC942}") = "zad5", "zad5\zad5.vcxproj", "{4217C321-97C1-4239-9DD7-E4946FF65A69}"
EndProject
Project("{8BC9CEB8-8B4A-11D0-8D11-00A0C91BC942}") = "zad6", "zad6\zad6.vcxproj", "{B8027BA0-7FC6-41FA-BB85-1EBA1B293B18}"
EndProject
Project("{8BC9CEB8-8B4A-11D0-8D11-00A0C91BC942}") = "zad7", "zad7\zad7.vcxproj", "{EA4088E4-EA72-4EE9-BFA9-E8DA69045258}"
EndProject
Project("{8BC9CEB8-8B4A-11D0-8D11-00A0C91BC942}") = "zad8", "zad8\zad8.vcxproj", "{9116F0F4-BFF5-4E23-9842-134824EFE472}"
EndProject
Project("{8BC9CEB8-8B4A-11D0-8D11-00A0C91BC942}") = "zad9", "zad9\zad9.vcxproj", "{C4C809B0-E90D-4275-962D-D0E82F826D15}"
EndProject
Project("{8BC9CEB8-8B4A-11D0-8D11-00A0C91BC942}") = "zad10", "zad10\zad10.vcxproj", "{7FCA6A3A-8E8F-4875-A620-4E49AE8ED83D}"
EndProject
Project("{8BC9CEB8-8B4A-11D0-8D11-00A0C91BC942}") = "zad11", "zad11\zad11.vcxproj", "{AC02B66E-C31F-48A1-8F6A-EB5F000AD57E}"
EndProject
Project("{8BC9CEB8-8B4A-11D0-8D11-00A0C91BC942}") = "zad12", "zad12\zad12.vcxproj", "{D9E20D42-44FD-4315-AC8C-0F555C8DF029}"
EndProject
Project("{8BC9CEB8-8B4A-11D0-8D11-00A0C91BC942}") = "zad13", "zad13\zad13.vcxproj", "{2F6F3AD4-4C32-4A2D-9CA4-6419395899B3}"
EndProject
Project("{8BC9CEB8-8B4A-11D0-8D11-00A0C91BC942}") = "zad14", "zad14\zad14.vcxproj", "{3777B0F2-D7EE-4936-B4B4-0DDD62E8967A}"
EndProject
Project("{8BC9CEB8-8B4A-11D0-8D11-00A0C91BC942}") = "zad15", "zad15\zad15.vcxproj", "{7AA5C13D-780C-4F65-943E-3CB5ED9CD656}"
EndProject
Project("{8BC9CEB8-8B4A-11D0-8D11-00A0C91BC942}") = "zad16", "zad16\zad16.vcxproj", "{F1A7DC72-7446-49D2-A9FC-AA36E3F10161}"
EndProject
Project("{8BC9CEB8-8B4A-11D0-8D11-00A0C91BC942}") = "zad17", "zad17\zad17.vcxproj", "{BA92AA40-EAA8-47BF-BCA3-57DB4C21678C}"
EndProject
Project("{8BC9CEB8-8B4A-11D0-8D11-00A0C91BC942}") = "zad18", "zad18\zad18.vcxproj", "{767DA581-DCFA-401E-A48C-EB083FF9B84B}"
EndProject
Project("{8BC9CEB8-8B4A-11D0-8D11-00A0C91BC942}") = "zad19", "zad19\zad19.vcxproj", "{5BF12A7D-BB58-4006-92C6-F23C94D5DEAE}"
EndProject
Global
	GlobalSection(SolutionConfigurationPlatforms) = preSolution
		Debug|x64 = Debug|x64
		Debug|x86 = Debug|x86
		Release|x64 = Release|x64
		Release|x86 = Release|x86
	EndGlobalSection
	GlobalSection(ProjectConfigurationPlatforms) = postSolution
		{ED99FC7B-081E-42F6-A0F4-43A2CCC0FF84}.Debug|x64.ActiveCfg = Debug|x64
		{ED99FC7B-081E-42F6-A0F4-43A2CCC0FF84}.Debug|x64.Build.0 = Debug|x64
		{ED99FC7B-081E-42F6-A0F4-43A2CCC0FF84}.Debug|x86.ActiveCfg = Debug|Win32
		{ED99FC7B-081E-42F6-A0F4-43A2CCC0FF84}.Debug|x86.Build.0 = Debug|Win32
		{ED99FC7B-081E-42F6-A0F4-43A2CCC0FF84}.Release|x64.ActiveCfg = Release|x64
		{ED99FC7B-081E-42F6-A0F4-43A2CCC0FF84}.Release|x64.Build.0 = Release|x64
		{ED99FC7B-081E-42F6-A0F4-43A2CCC0FF84}.Release|x86.ActiveCfg = Release|Win32
		{ED99FC7B-081E-42F6-A0F4-43A2CCC0FF84}.Release|x86.Build.0 = Release|Win32
		{D1CD08AB-022D-4BBE-8AD6-65D35F3EFC69}.Debug|x64.ActiveCfg = Debug|x64
		{D1CD08AB-022D-4BBE-8AD6-65D35F3EFC69}.Debug|x64.Build.0 = Debug|x64
		{D1CD08AB-022D-4BBE-8AD6-65D35F3EFC69}.Debug|x86.ActiveCfg = Debug|Win32
		{D1CD08AB-022D-4BBE-8AD6-65D35F3EFC69}.Debug|x86.Build.0 = Debug|Win32
		{D1CD08AB-022D-4BBE-8AD6-65D35F3EFC69}.Release|x64.ActiveCfg = Release|x64
		{D1CD08AB-022D-4BBE-8AD6-65D35F3EFC69}.Release|x64.Build.0 = Release|x64
		{D1CD08AB-022D-4BBE-8AD6-65D35F3EFC69}.Release|x86.ActiveCfg = Release|Win32
		{D1CD08AB-022D-4BBE-8AD6-65D35F3EFC69}.Release|x86.Build.0 = Release|Win32
		{C71F2566-40DA-4DFA-B83E-701B184AB71D}.Debug|x64.ActiveCfg = Debug|x64
		{C71F2566-40DA-4DFA-B83E-701B184AB71D}.Debug|x64.Build.0 = Debug|x64
		{C71F2566-40DA-4DFA-B83E-701B184AB71D}.Debug|x86.ActiveCfg = Debug|Win32
		{C71F2566-40DA-4DFA-B83E-701B184AB71D}.Debug|x86.Build.0 = Debug|Win32
		{C71F2566-40DA-4DFA-B83E-701B184AB71D}.Release|x64.ActiveCfg = Release|x64
		{C71F2566-40DA-4DFA-B83E-701B184AB71D}.Release|x64.Build.0 = Release|x64
		{C71F2566-40DA-4DFA-B83E-701B184AB71D}.Release|x86.ActiveCfg = Release|Win32
		{C71F2566-40DA-4DFA-B83E-701B184AB71D}.Release|x86.Build.0 = Release|Win32
		{A03EE1B4-BFEF-46CC-A112-6BED21733999}.Debug|x64.ActiveCfg = Debug|x64
		{A03EE1B4-BFEF-46CC-A112-6BED21733999}.Debug|x64.Build.0 = Debug|x64
		{A03EE1B4-BFEF-46CC-A112-6BED21733999}.Debug|x86.ActiveCfg = Debug|Win32
		{A03EE1B4-BFEF-46CC-A112-6BED21733999}.Debug|x86.Build.0 = Debug|Win32
		{A03EE1B4-BFEF-46CC-A112-6BED21733999}.Release|x64.ActiveCfg = Release|x64
		{A03EE1B4-BFEF-46CC-A112-6BED21733999}.Release|x64.Build.0 = Release|x64
		{A03EE1B4-BFEF-46CC-A112-6BED21733999}.Release|x86.ActiveCfg = Release|Win32
		{A03EE1B4-BFEF-46CC-A112-6BED21733999}.Release|x86.Build.0 = Release|Win32
		{4217C321-97C1-4239-9DD7-E4946FF65A69}.Debug|x64.ActiveCfg = Debug|x64
		{4217C321-97C1-4239-9DD7-E4946FF65A69}.Debug|x64.Build.0 = Debug|x64
		{4217C321-97C1-4239-9DD7-E4946FF65A69}.Debug|x86.ActiveCfg = Debug|Win32
		{4217C321-97C1-4239-9DD7-E4946FF65A69}.Debug|x86.Build.0 = Debug|Win32
		{4217C321-97C1-4239-9DD7-E4946FF65A69}.Release|x64.ActiveCfg = Release|x64
		{4217C321-97C1-4239-9DD7-E4946FF65A69}.Release|x64.Build.0 = Release|x64
		{4217C321-97C1-4239-9DD7-E4946FF65A69}.Release|x86.ActiveCfg = Release|Win32
		{4217C321-97C1-4239-9DD7-E4946FF65A69}.Release|x86.Build.0 = Release|Win32
		{B8027BA0-7FC6-41FA-BB85-1EBA1B293B18}.Debug|x64.ActiveCfg = Debug|x64
		{B8027BA0-7FC6-41FA-BB85-1EBA1B293B18}.Debug|x64.Build.0 = Debug|x64
		{B8027BA0-7FC6-41FA-BB85-1EBA1B293B18}.Debug|x86.ActiveCfg = Debug|Win32
		{B8027BA0-7FC6-41FA-BB85-1EBA1B293B18}.Debug|x86.Build.0 = Debug|Win32
		{B8027BA0-7FC6-41FA-BB85-1EBA1B293B18}.Release|x64.ActiveCfg = Release|x64
		{B8027BA0-7FC6-41FA-BB85-1EBA1B293B18}.Release|x64.Build.0 = Release|x64
		{B8027BA0-7FC6-41FA-BB85-1EBA1B293B18}.Release|x86.ActiveCfg = Release|Win32
		{B8027BA0-7FC6-41FA-BB85-1EBA1B293B18}.Release|x86.Build.0 = Release|Win32
		{EA4088E4-EA72-4EE9-BFA9-E8DA69045258}.Debug|x64.ActiveCfg = Debug|x64
		{EA4088E4-EA72-4EE9-BFA9-E8DA69045258}.Debug|x64.Build.0 = Debug|x64
		{EA4088E4-EA72-4EE9-BFA9-E8DA69045258}.Debug|x86.ActiveCfg = Debug|Win32
		{EA4088E4-EA72-4EE9-BFA9-E8DA69045258}.Debug|x86.Build.0 = Debug|Win32
		{EA4088E4-EA72-4EE9-BFA9-E8DA69045258}.Release|x64.ActiveCfg = Release|x64
		{EA4088E4-EA72-4EE9-BFA9-E8DA69045258}.Release|x64.Build.0 = Release|x64
		{EA4088E4-EA72-4EE9-BFA9-E8DA69045258}.Release|x86.ActiveCfg = Release|Win32
		{EA4088E4-EA72-4EE9-BFA9-E8DA69045258}.Release|x86.Build.0 = Release|Win32
		{9116F0F4-BFF5-4E23-9842-134824EFE472}.Debug|x64.ActiveCfg = Debug|x64
		{9116F0F4-BFF5-4E23-9842-134824EFE472}.Debug|x64.Build.0 = Debug|x64
		{9116F0F4-BFF5-4E23-9842-134824EFE472}.Debug|x86.ActiveCfg = Debug|Win32
		{9116F0F4-BFF5-4E23-9842-134824EFE472}.Debug|x86.Build.0 = Debug|Win32
		{9116F0F4-BFF5-4E23-9842-134824EFE472}.Release|x64.ActiveCfg = Release|x64
		{9116F0F4-BFF5-4E23-9842-134824EFE472}.Release|x64.Build.0 = Release|x64
		{9116F0F4-BFF5-4E23-9842-134824EFE472}.Release|x86.ActiveCfg = Release|Win32
		{9116F0F4-BFF5-4E23-9842-134824EFE472}.Release|x86.Build.0 = Release|Win32
		{C4C809B0-E90D-4275-962D-D0E82F826D15}.Debug|x64.ActiveCfg = Debug|x64
		{C4C809B0-E90D-4275-962D-D0E82F826D15}.Debug|x64.Build.0 = Debug|x64
		{C4C809B0-E90D-4275-962D-D0E82F826D15}.Debug|x86.ActiveCfg = Debug|Win32
		{C4C809B0-E90D-4275-962D-D0E82F826D15}.Debug|x86.Build.0 = Debug|Win32
		{C4C809B0-E90D-4275-962D-D0E82F826D15}.Release|x64.ActiveCfg = Release|x64
		{C4C809B0-E90D-4275-962D-D0E82F826D15}.Release|x64.Build.0 = Release|x64
		{C4C809B0-E90D-4275-962D-D0E82F826D15}.Release|x86.ActiveCfg = Release|Win32
		{C4C809B0-E90D-4275-962D-D0E82F826D15}.Release|x86.Build.0 = Release|Win32
		{7FCA6A3A-8E8F-4875-A620-4E49AE8ED83D}.Debug|x64.ActiveCfg = Debug|x64
		{7FCA6A3A-8E8F-4875-A620-4E49AE8ED83D}.Debug|x64.Build.0 = Debug|x64
		{7FCA6A3A-8E8F-4875-A620-4E49AE8ED83D}.Debug|x86.ActiveCfg = Debug|Win32
		{7FCA6A3A-8E8F-4875-A620-4E49AE8ED83D}.Debug|x86.Build.0 = Debug|Win32
		{7FCA6A3A-8E8F-4875-A620-4E49AE8ED83D}.Release|x64.ActiveCfg = Release|x64
		{7FCA6A3A-8E8F-4875-A620-4E49AE8ED83D}.Release|x64.Build.0 = Release|x64
		{7FCA6A3A-8E8F-4875-A620-4E49AE8ED83D}.Release|x86.ActiveCfg = Release|Win32
		{7FCA6A3A-8E8F-4875-A620-4E49AE8ED83D}.Release|x86.Build.0 = Release|Win32
		{AC02B66E-C31F-48A1-8F6A-EB5F000AD57E}.Debug|x64.ActiveCfg = Debug|x64
		{AC02B66E-C31F-48A1-8F6A-EB5F000AD57E}.Debug|x64.Build.0 = Debug|x64
		{AC02B66E-C31F-48A1-8F6A-EB5F000AD57E}.Debug|x86.ActiveCfg = Debug|Win32
		{AC02B66E-C31F-48A1-8F6A-EB5F000AD57E}.Debug|x86.Build.0 = Debug|Win32
		{AC02B66E-C31F-48A1-8F6A-EB5F000AD57E}.Release|x64.ActiveCfg = Release|x64
		{AC02B66E-C31F-48A1-8F6A-EB5F000AD57E}.Release|x64.Build.0 = Release|x64
		{AC02B66E-C31F-48A1-8F6A-EB5F000AD57E}.Release|x86.ActiveCfg = Release|Win32
		{AC02B66E-C31F-48A1-8F6A-EB5F000AD57E}.Release|x86.Build.0 = Release|Win32
		{D9E20D42-44FD-4315-AC8C-0F555C8DF029}.Debug|x64.ActiveCfg = Debug|x64
		{D9E20D42-44FD-4315-AC8C-0F555C8DF029}.Debug|x64.Build.0 = Debug|x64
		{D9E20D42-44FD-4315-AC8C-0F555C8DF029}.Debug|x86.ActiveCfg = Debug|Win32
		{D9E20D42-44FD-4315-AC8C-0F555C8DF029}.Debug|x86.Build.0 = Debug|Win32
		{D9E20D42-44FD-4315-AC8C-0F555C8DF029}.Release|x64.ActiveCfg = Release|x64
		{D9E20D42-44FD-4315-AC8C-0F555C8DF029}.Release|x64.Build.0 = Release|x64
		{D9E20D42-44FD-4315-AC8C-0F555C8DF029}.Release|x86.ActiveCfg = Release|Win32
		{D9E20D42-44FD-4315-AC8C-0F555C8DF029}.Release|x86.Build.0 = Release|Win32
		{2F6F3AD4-4C32-4A2D-9CA4-6419395899B3}.Debug|x64.ActiveCfg = Debug|x64
		{2F6F3AD4-4C32-4A2D-9CA4-6419395899B3}.Debug|x64.Build.0 = Debug|x64
		{2F6F3AD4-4C32-4A2D-9CA4-6419395899B3}.Debug|x86.ActiveCfg = Debug|Win32
		{2F6F3AD4-4C32-4A2D-9CA4-6419395899B3}.Debug|x86.Build.0 = Debug|Win32
		{2F6F3AD4-4C32-4A2D-9CA4-6419395899B3}.Release|x64.ActiveCfg = Release|x64
		{2F6F3AD4-4C32-4A2D-9CA4-6419395899B3}.Release|x64.Build.0 = Release|x64
		{2F6F3AD4-4C32-4A2D-9CA4-6419395899B3}.Release|x86.ActiveCfg = Release|Win32
		{2F6F3AD4-4C32-4A2D-9CA4-6419395899B3}.Release|x86.Build.0 = Release|Win32
		{3777B0F2-D7EE-4936-B4B4-0DDD62E8967A}.Debug|x64.ActiveCfg = Debug|x64
		{3777B0F2-D7EE-4936-B4B4-0DDD62E8967A}.Debug|x64.Build.0 = Debug|x64
		{3777B0F2-D7EE-4936-B4B4-0DDD62E8967A}.Debug|x86.ActiveCfg = Debug|Win32
		{3777B0F2-D7EE-4936-B4B4-0DDD62E8967A}.Debug|x86.Build.0 = Debug|Win32
		{3777B0F2-D7EE-4936-B4B4-0DDD62E8967A}.Release|x64.ActiveCfg = Release|x64
		{3777B0F2-D7EE-4936-B4B4-0DDD62E8967A}.Release|x64.Build.0 = Release|x64
		{3777B0F2-D7EE-4936-B4B4-0DDD62E8967A}.Release|x86.ActiveCfg = Release|Win32
		{3777B0F2-D7EE-4936-B4B4-0DDD62E8967A}.Release|x86.Build.0 = Release|Win32
		{7AA5C13D-780C-4F65-943E-3CB5ED9CD656}.Debug|x64.ActiveCfg = Debug|x64
		{7AA5C13D-780C-4F65-943E-3CB5ED9CD656}.Debug|x64.Build.0 = Debug|x64
		{7AA5C13D-780C-4F65-943E-3CB5ED9CD656}.Debug|x86.ActiveCfg = Debug|Win32
		{7AA5C13D-780C-4F65-943E-3CB5ED9CD656}.Debug|x86.Build.0 = Debug|Win32
		{7AA5C13D-780C-4F65-943E-3CB5ED9CD656}.Release|x64.ActiveCfg = Release|x64
		{7AA5C13D-780C-4F65-943E-3CB5ED9CD656}.Release|x64.Build.0 = Release|x64
		{7AA5C13D-780C-4F65-943E-3CB5ED9CD656}.Release|x86.ActiveCfg = Release|Win32
		{7AA5C13D-780C-4F65-943E-3CB5ED9CD656}.Release|x86.Build.0 = Release|Win32
		{F1A7DC72-7446-49D2-A9FC-AA36E3F10161}.Debug|x64.ActiveCfg = Debug|x64
		{F1A7DC72-7446-49D2-A9FC-AA36E3F10161}.Debug|x64.Build.0 = Debug|x64
		{F1A7DC72-7446-49D2-A9FC-AA36E3F10161}.Debug|x86.ActiveCfg = Debug|Win32
		{F1A7DC72-7446-49D2-A9FC-AA36E3F10161}.Debug|x86.Build.0 = Debug|Win32
		{F1A7DC72-7446-49D2-A9FC-AA36E3F10161}.Release|x64.ActiveCfg = Release|x64
		{F1A7DC72-7446-49D2-A9FC-AA36E3F10161}.Release|x64.Build.0 = Release|x64
		{F1A7DC72-7446-49D2-A9FC-AA36E3F10161}.Release|x86.ActiveCfg = Release|Win32
		{F1A7DC72-7446-49D2-A9FC-AA36E3F10161}.Release|x86.Build.0 = Release|Win32
		{BA92AA40-EAA8-47BF-BCA3-57DB4C21678C}.Debug|x64.ActiveCfg = Debug|x64
		{BA92AA40-EAA8-47BF-BCA3-57DB4C21678C}.Debug|x64.Build.0 = Debug|x64
		{BA92AA40-EAA8-47BF-BCA3-57DB4C21678C}.Debug|x86.ActiveCfg = Debug|Win32
		{BA92AA40-EAA8-47BF-BCA3-57DB4C21678C}.Debug|x86.Build.0 = Debug|Win32
		{BA92AA40-EAA8-47BF-BCA3-57DB4C21678C}.Release|x64.ActiveCfg = Release|x64
		{BA92AA40-EAA8-47BF-BCA3-57DB4C21678C}.Release|x64.Build.0 = Release|x64
		{BA92AA40-EAA8-47BF-BCA3-57DB4C21678C}.Release|x86.ActiveCfg = Release|Win32
		{BA92AA40-EAA8-47BF-BCA3-57DB4C21678C}.Release|x86.Build.0 = Release|Win32
		{767DA581-DCFA-401E-A48C-EB083FF9B84B}.Debug|x64.ActiveCfg = Debug|x64
		{767DA581-DCFA-401E-A48C-EB083FF9B84B}.Debug|x64.Build.0 = Debug|x64
		{767DA581-DCFA-401E-A48C-EB083FF9B84B}.Debug|x86.ActiveCfg = Debug|Win32
		{767DA581-DCFA-401E-A48C-EB083FF9B84B}.Debug|x86.Build.0 = Debug|Win32
		{767DA581-DCFA-401E-A48C-EB083FF9B84B}.Release|x64.ActiveCfg = Release|x64
		{767DA581-DCFA-401E-A48C-EB083FF9B84B}.Release|x64.Build.0 = Release|x64
		{767DA581-DCFA-401E-A48C-EB083FF9B84B}.Release|x86.ActiveCfg = Release|Win32
		{767DA581-DCFA-401E-A48C-EB083FF9B84B}.Release|x86.Build.0 = Release|Win32
		{5BF12A7D-BB58-4006-92C6-F23C94D5DEAE}.Debug|x64.ActiveCfg = Debug|x64
		{5BF12A7D-BB58-4006-92C6-F23C94D5DEAE}.Debug|x64.Build.0 = Debug|x64
		{5BF12A7D-BB58-4006-92C6-F23C94D5DEAE}.Debug|x86.ActiveCfg = Debug|Win32
		{5BF12A7D-BB58-4006-92C6-F23C94D5DEAE}.Debug|x86.Build.0 = Debug|Win32
		{5BF12A7D-BB58-4006-92C6-F23C94D5DEAE}.Release|x64.ActiveCfg = Release|x64
		{5BF12A7D-BB58-4006-92C6-F23C94D5DEAE}.Release|x64.Build.0 = Release|x64
		{5BF12A7D-BB58-4006-92C6-F23C94D5DEAE}.Release|x86.ActiveCfg = Release|Win32
		{5BF12A7D-BB58-4006-92C6-F23C94D5DEAE}.Release|x86.Build.0 = Release|Win32
	EndGlobalSection
	GlobalSection(SolutionProperties) = preSolution
		HideSolutionNode = FALSE
	EndGlobalSection
	GlobalSection(ExtensibilityGlobals) = postSolution
		SolutionGuid = {944CC57B-AE9E-4A14-9A2A-076C7A06457D}
	EndGlobalSection
EndGlobal
