
Microsoft Visual Studio Solution File, Format Version 12.00
# Visual Studio Version 17
VisualStudioVersion = 17.11.35312.102
MinimumVisualStudioVersion = 10.0.40219.1
Project("{8BC9CEB8-8B4A-11D0-8D11-00A0C91BC942}") = "ConsoleApplication0910204", "ConsoleApplication0910204\ConsoleApplication0910204.vcxproj", "{748B9AA3-BFF6-484F-89C2-48715F5F687B}"
EndProject
Project("{8BC9CEB8-8B4A-11D0-8D11-00A0C91BC942}") = "Zad2", "Zad2\Zad2.vcxproj", "{ACF92106-6F3F-4434-84CC-F9ED36CB3B0E}"
EndProject
Project("{8BC9CEB8-8B4A-11D0-8D11-00A0C91BC942}") = "Zad3", "Zad3\Zad3.vcxproj", "{93F95E99-A4EC-43D6-8374-99AB332C2125}"
EndProject
Project("{8BC9CEB8-8B4A-11D0-8D11-00A0C91BC942}") = "Zad4", "Zad4\Zad4.vcxproj", "{65F96B8A-D179-42E5-A729-FD571B72E38E}"
EndProject
Project("{8BC9CEB8-8B4A-11D0-8D11-00A0C91BC942}") = "Zad5", "Zad5\Zad5.vcxproj", "{B213BD93-0EAE-49B7-A4B4-B269749E3CE2}"
EndProject
Project("{8BC9CEB8-8B4A-11D0-8D11-00A0C91BC942}") = "Zad6", "Zad6\Zad6.vcxproj", "{188E8834-9854-427D-81BE-AAD8B73E8188}"
EndProject
Project("{8BC9CEB8-8B4A-11D0-8D11-00A0C91BC942}") = "Zad7", "Zad7\Zad7.vcxproj", "{56EA8B3D-C4F2-4559-A80F-C9EFCDD25646}"
EndProject
Project("{8BC9CEB8-8B4A-11D0-8D11-00A0C91BC942}") = "Zad8", "Zad8\Zad8.vcxproj", "{6F9200AE-CB7A-4CB5-A4A2-28D03AB34218}"
EndProject
Project("{8BC9CEB8-8B4A-11D0-8D11-00A0C91BC942}") = "Zad9", "Zad9\Zad9.vcxproj", "{1B7E9F30-9D04-4BD2-B54E-8C64B492F735}"
EndProject
Project("{8BC9CEB8-8B4A-11D0-8D11-00A0C91BC942}") = "Zad10", "Zad10\Zad10.vcxproj", "{CA745C0D-541D-4FE2-9821-FBBD71B3D7CC}"
EndProject
Project("{8BC9CEB8-8B4A-11D0-8D11-00A0C91BC942}") = "Zad11Part1", "Zad11Part1\Zad11Part1.vcxproj", "{0B72C173-2F93-4B18-BC5B-B940C0C4C064}"
EndProject
Project("{8BC9CEB8-8B4A-11D0-8D11-00A0C91BC942}") = "Zad11Part2", "Zad11Part2\Zad11Part2.vcxproj", "{9B6556EA-111F-469C-A824-8647ECCA3426}"
EndProject
Project("{8BC9CEB8-8B4A-11D0-8D11-00A0C91BC942}") = "Zad12", "Zad12\Zad12.vcxproj", "{91B56C5E-3E86-4B7A-9DE4-4BDD1838EDCB}"
EndProject
Project("{8BC9CEB8-8B4A-11D0-8D11-00A0C91BC942}") = "Zad13", "Zad13\Zad13.vcxproj", "{D7B2EC46-DFE6-4DBC-BC16-218B4AAD7087}"
EndProject
Project("{8BC9CEB8-8B4A-11D0-8D11-00A0C91BC942}") = "Zad14", "Zad14\Zad14.vcxproj", "{4B75E29C-B738-41CC-B104-F5A2A620B303}"
EndProject
Global
	GlobalSection(SolutionConfigurationPlatforms) = preSolution
		Debug|x64 = Debug|x64
		Debug|x86 = Debug|x86
		Release|x64 = Release|x64
		Release|x86 = Release|x86
	EndGlobalSection
	GlobalSection(ProjectConfigurationPlatforms) = postSolution
		{748B9AA3-BFF6-484F-89C2-48715F5F687B}.Debug|x64.ActiveCfg = Debug|x64
		{748B9AA3-BFF6-484F-89C2-48715F5F687B}.Debug|x64.Build.0 = Debug|x64
		{748B9AA3-BFF6-484F-89C2-48715F5F687B}.Debug|x86.ActiveCfg = Debug|Win32
		{748B9AA3-BFF6-484F-89C2-48715F5F687B}.Debug|x86.Build.0 = Debug|Win32
		{748B9AA3-BFF6-484F-89C2-48715F5F687B}.Release|x64.ActiveCfg = Release|x64
		{748B9AA3-BFF6-484F-89C2-48715F5F687B}.Release|x64.Build.0 = Release|x64
		{748B9AA3-BFF6-484F-89C2-48715F5F687B}.Release|x86.ActiveCfg = Release|Win32
		{748B9AA3-BFF6-484F-89C2-48715F5F687B}.Release|x86.Build.0 = Release|Win32
		{ACF92106-6F3F-4434-84CC-F9ED36CB3B0E}.Debug|x64.ActiveCfg = Debug|x64
		{ACF92106-6F3F-4434-84CC-F9ED36CB3B0E}.Debug|x64.Build.0 = Debug|x64
		{ACF92106-6F3F-4434-84CC-F9ED36CB3B0E}.Debug|x86.ActiveCfg = Debug|Win32
		{ACF92106-6F3F-4434-84CC-F9ED36CB3B0E}.Debug|x86.Build.0 = Debug|Win32
		{ACF92106-6F3F-4434-84CC-F9ED36CB3B0E}.Release|x64.ActiveCfg = Release|x64
		{ACF92106-6F3F-4434-84CC-F9ED36CB3B0E}.Release|x64.Build.0 = Release|x64
		{ACF92106-6F3F-4434-84CC-F9ED36CB3B0E}.Release|x86.ActiveCfg = Release|Win32
		{ACF92106-6F3F-4434-84CC-F9ED36CB3B0E}.Release|x86.Build.0 = Release|Win32
		{93F95E99-A4EC-43D6-8374-99AB332C2125}.Debug|x64.ActiveCfg = Debug|x64
		{93F95E99-A4EC-43D6-8374-99AB332C2125}.Debug|x64.Build.0 = Debug|x64
		{93F95E99-A4EC-43D6-8374-99AB332C2125}.Debug|x86.ActiveCfg = Debug|Win32
		{93F95E99-A4EC-43D6-8374-99AB332C2125}.Debug|x86.Build.0 = Debug|Win32
		{93F95E99-A4EC-43D6-8374-99AB332C2125}.Release|x64.ActiveCfg = Release|x64
		{93F95E99-A4EC-43D6-8374-99AB332C2125}.Release|x64.Build.0 = Release|x64
		{93F95E99-A4EC-43D6-8374-99AB332C2125}.Release|x86.ActiveCfg = Release|Win32
		{93F95E99-A4EC-43D6-8374-99AB332C2125}.Release|x86.Build.0 = Release|Win32
		{65F96B8A-D179-42E5-A729-FD571B72E38E}.Debug|x64.ActiveCfg = Debug|x64
		{65F96B8A-D179-42E5-A729-FD571B72E38E}.Debug|x64.Build.0 = Debug|x64
		{65F96B8A-D179-42E5-A729-FD571B72E38E}.Debug|x86.ActiveCfg = Debug|Win32
		{65F96B8A-D179-42E5-A729-FD571B72E38E}.Debug|x86.Build.0 = Debug|Win32
		{65F96B8A-D179-42E5-A729-FD571B72E38E}.Release|x64.ActiveCfg = Release|x64
		{65F96B8A-D179-42E5-A729-FD571B72E38E}.Release|x64.Build.0 = Release|x64
		{65F96B8A-D179-42E5-A729-FD571B72E38E}.Release|x86.ActiveCfg = Release|Win32
		{65F96B8A-D179-42E5-A729-FD571B72E38E}.Release|x86.Build.0 = Release|Win32
		{B213BD93-0EAE-49B7-A4B4-B269749E3CE2}.Debug|x64.ActiveCfg = Debug|x64
		{B213BD93-0EAE-49B7-A4B4-B269749E3CE2}.Debug|x64.Build.0 = Debug|x64
		{B213BD93-0EAE-49B7-A4B4-B269749E3CE2}.Debug|x86.ActiveCfg = Debug|Win32
		{B213BD93-0EAE-49B7-A4B4-B269749E3CE2}.Debug|x86.Build.0 = Debug|Win32
		{B213BD93-0EAE-49B7-A4B4-B269749E3CE2}.Release|x64.ActiveCfg = Release|x64
		{B213BD93-0EAE-49B7-A4B4-B269749E3CE2}.Release|x64.Build.0 = Release|x64
		{B213BD93-0EAE-49B7-A4B4-B269749E3CE2}.Release|x86.ActiveCfg = Release|Win32
		{B213BD93-0EAE-49B7-A4B4-B269749E3CE2}.Release|x86.Build.0 = Release|Win32
		{188E8834-9854-427D-81BE-AAD8B73E8188}.Debug|x64.ActiveCfg = Debug|x64
		{188E8834-9854-427D-81BE-AAD8B73E8188}.Debug|x64.Build.0 = Debug|x64
		{188E8834-9854-427D-81BE-AAD8B73E8188}.Debug|x86.ActiveCfg = Debug|Win32
		{188E8834-9854-427D-81BE-AAD8B73E8188}.Debug|x86.Build.0 = Debug|Win32
		{188E8834-9854-427D-81BE-AAD8B73E8188}.Release|x64.ActiveCfg = Release|x64
		{188E8834-9854-427D-81BE-AAD8B73E8188}.Release|x64.Build.0 = Release|x64
		{188E8834-9854-427D-81BE-AAD8B73E8188}.Release|x86.ActiveCfg = Release|Win32
		{188E8834-9854-427D-81BE-AAD8B73E8188}.Release|x86.Build.0 = Release|Win32
		{56EA8B3D-C4F2-4559-A80F-C9EFCDD25646}.Debug|x64.ActiveCfg = Debug|x64
		{56EA8B3D-C4F2-4559-A80F-C9EFCDD25646}.Debug|x64.Build.0 = Debug|x64
		{56EA8B3D-C4F2-4559-A80F-C9EFCDD25646}.Debug|x86.ActiveCfg = Debug|Win32
		{56EA8B3D-C4F2-4559-A80F-C9EFCDD25646}.Debug|x86.Build.0 = Debug|Win32
		{56EA8B3D-C4F2-4559-A80F-C9EFCDD25646}.Release|x64.ActiveCfg = Release|x64
		{56EA8B3D-C4F2-4559-A80F-C9EFCDD25646}.Release|x64.Build.0 = Release|x64
		{56EA8B3D-C4F2-4559-A80F-C9EFCDD25646}.Release|x86.ActiveCfg = Release|Win32
		{56EA8B3D-C4F2-4559-A80F-C9EFCDD25646}.Release|x86.Build.0 = Release|Win32
		{6F9200AE-CB7A-4CB5-A4A2-28D03AB34218}.Debug|x64.ActiveCfg = Debug|x64
		{6F9200AE-CB7A-4CB5-A4A2-28D03AB34218}.Debug|x64.Build.0 = Debug|x64
		{6F9200AE-CB7A-4CB5-A4A2-28D03AB34218}.Debug|x86.ActiveCfg = Debug|Win32
		{6F9200AE-CB7A-4CB5-A4A2-28D03AB34218}.Debug|x86.Build.0 = Debug|Win32
		{6F9200AE-CB7A-4CB5-A4A2-28D03AB34218}.Release|x64.ActiveCfg = Release|x64
		{6F9200AE-CB7A-4CB5-A4A2-28D03AB34218}.Release|x64.Build.0 = Release|x64
		{6F9200AE-CB7A-4CB5-A4A2-28D03AB34218}.Release|x86.ActiveCfg = Release|Win32
		{6F9200AE-CB7A-4CB5-A4A2-28D03AB34218}.Release|x86.Build.0 = Release|Win32
		{1B7E9F30-9D04-4BD2-B54E-8C64B492F735}.Debug|x64.ActiveCfg = Debug|x64
		{1B7E9F30-9D04-4BD2-B54E-8C64B492F735}.Debug|x64.Build.0 = Debug|x64
		{1B7E9F30-9D04-4BD2-B54E-8C64B492F735}.Debug|x86.ActiveCfg = Debug|Win32
		{1B7E9F30-9D04-4BD2-B54E-8C64B492F735}.Debug|x86.Build.0 = Debug|Win32
		{1B7E9F30-9D04-4BD2-B54E-8C64B492F735}.Release|x64.ActiveCfg = Release|x64
		{1B7E9F30-9D04-4BD2-B54E-8C64B492F735}.Release|x64.Build.0 = Release|x64
		{1B7E9F30-9D04-4BD2-B54E-8C64B492F735}.Release|x86.ActiveCfg = Release|Win32
		{1B7E9F30-9D04-4BD2-B54E-8C64B492F735}.Release|x86.Build.0 = Release|Win32
		{CA745C0D-541D-4FE2-9821-FBBD71B3D7CC}.Debug|x64.ActiveCfg = Debug|x64
		{CA745C0D-541D-4FE2-9821-FBBD71B3D7CC}.Debug|x64.Build.0 = Debug|x64
		{CA745C0D-541D-4FE2-9821-FBBD71B3D7CC}.Debug|x86.ActiveCfg = Debug|Win32
		{CA745C0D-541D-4FE2-9821-FBBD71B3D7CC}.Debug|x86.Build.0 = Debug|Win32
		{CA745C0D-541D-4FE2-9821-FBBD71B3D7CC}.Release|x64.ActiveCfg = Release|x64
		{CA745C0D-541D-4FE2-9821-FBBD71B3D7CC}.Release|x64.Build.0 = Release|x64
		{CA745C0D-541D-4FE2-9821-FBBD71B3D7CC}.Release|x86.ActiveCfg = Release|Win32
		{CA745C0D-541D-4FE2-9821-FBBD71B3D7CC}.Release|x86.Build.0 = Release|Win32
		{0B72C173-2F93-4B18-BC5B-B940C0C4C064}.Debug|x64.ActiveCfg = Debug|x64
		{0B72C173-2F93-4B18-BC5B-B940C0C4C064}.Debug|x64.Build.0 = Debug|x64
		{0B72C173-2F93-4B18-BC5B-B940C0C4C064}.Debug|x86.ActiveCfg = Debug|Win32
		{0B72C173-2F93-4B18-BC5B-B940C0C4C064}.Debug|x86.Build.0 = Debug|Win32
		{0B72C173-2F93-4B18-BC5B-B940C0C4C064}.Release|x64.ActiveCfg = Release|x64
		{0B72C173-2F93-4B18-BC5B-B940C0C4C064}.Release|x64.Build.0 = Release|x64
		{0B72C173-2F93-4B18-BC5B-B940C0C4C064}.Release|x86.ActiveCfg = Release|Win32
		{0B72C173-2F93-4B18-BC5B-B940C0C4C064}.Release|x86.Build.0 = Release|Win32
		{9B6556EA-111F-469C-A824-8647ECCA3426}.Debug|x64.ActiveCfg = Debug|x64
		{9B6556EA-111F-469C-A824-8647ECCA3426}.Debug|x64.Build.0 = Debug|x64
		{9B6556EA-111F-469C-A824-8647ECCA3426}.Debug|x86.ActiveCfg = Debug|Win32
		{9B6556EA-111F-469C-A824-8647ECCA3426}.Debug|x86.Build.0 = Debug|Win32
		{9B6556EA-111F-469C-A824-8647ECCA3426}.Release|x64.ActiveCfg = Release|x64
		{9B6556EA-111F-469C-A824-8647ECCA3426}.Release|x64.Build.0 = Release|x64
		{9B6556EA-111F-469C-A824-8647ECCA3426}.Release|x86.ActiveCfg = Release|Win32
		{9B6556EA-111F-469C-A824-8647ECCA3426}.Release|x86.Build.0 = Release|Win32
		{91B56C5E-3E86-4B7A-9DE4-4BDD1838EDCB}.Debug|x64.ActiveCfg = Debug|x64
		{91B56C5E-3E86-4B7A-9DE4-4BDD1838EDCB}.Debug|x64.Build.0 = Debug|x64
		{91B56C5E-3E86-4B7A-9DE4-4BDD1838EDCB}.Debug|x86.ActiveCfg = Debug|Win32
		{91B56C5E-3E86-4B7A-9DE4-4BDD1838EDCB}.Debug|x86.Build.0 = Debug|Win32
		{91B56C5E-3E86-4B7A-9DE4-4BDD1838EDCB}.Release|x64.ActiveCfg = Release|x64
		{91B56C5E-3E86-4B7A-9DE4-4BDD1838EDCB}.Release|x64.Build.0 = Release|x64
		{91B56C5E-3E86-4B7A-9DE4-4BDD1838EDCB}.Release|x86.ActiveCfg = Release|Win32
		{91B56C5E-3E86-4B7A-9DE4-4BDD1838EDCB}.Release|x86.Build.0 = Release|Win32
		{D7B2EC46-DFE6-4DBC-BC16-218B4AAD7087}.Debug|x64.ActiveCfg = Debug|x64
		{D7B2EC46-DFE6-4DBC-BC16-218B4AAD7087}.Debug|x64.Build.0 = Debug|x64
		{D7B2EC46-DFE6-4DBC-BC16-218B4AAD7087}.Debug|x86.ActiveCfg = Debug|Win32
		{D7B2EC46-DFE6-4DBC-BC16-218B4AAD7087}.Debug|x86.Build.0 = Debug|Win32
		{D7B2EC46-DFE6-4DBC-BC16-218B4AAD7087}.Release|x64.ActiveCfg = Release|x64
		{D7B2EC46-DFE6-4DBC-BC16-218B4AAD7087}.Release|x64.Build.0 = Release|x64
		{D7B2EC46-DFE6-4DBC-BC16-218B4AAD7087}.Release|x86.ActiveCfg = Release|Win32
		{D7B2EC46-DFE6-4DBC-BC16-218B4AAD7087}.Release|x86.Build.0 = Release|Win32
		{4B75E29C-B738-41CC-B104-F5A2A620B303}.Debug|x64.ActiveCfg = Debug|x64
		{4B75E29C-B738-41CC-B104-F5A2A620B303}.Debug|x64.Build.0 = Debug|x64
		{4B75E29C-B738-41CC-B104-F5A2A620B303}.Debug|x86.ActiveCfg = Debug|Win32
		{4B75E29C-B738-41CC-B104-F5A2A620B303}.Debug|x86.Build.0 = Debug|Win32
		{4B75E29C-B738-41CC-B104-F5A2A620B303}.Release|x64.ActiveCfg = Release|x64
		{4B75E29C-B738-41CC-B104-F5A2A620B303}.Release|x64.Build.0 = Release|x64
		{4B75E29C-B738-41CC-B104-F5A2A620B303}.Release|x86.ActiveCfg = Release|Win32
		{4B75E29C-B738-41CC-B104-F5A2A620B303}.Release|x86.Build.0 = Release|Win32
	EndGlobalSection
	GlobalSection(SolutionProperties) = preSolution
		HideSolutionNode = FALSE
	EndGlobalSection
	GlobalSection(ExtensibilityGlobals) = postSolution
		SolutionGuid = {9EB0C165-BA90-489A-B813-FEC888B0E205}
	EndGlobalSection
EndGlobal
